
Microsoft Visual Studio Solution File, Format Version 12.00
# Visual Studio Version 17
VisualStudioVersion = 17.1.32421.90
MinimumVisualStudioVersion = 10.0.40219.1
Project("{FAE04EC0-301F-11D3-BF4B-00C04F79EFBC}") = "Contact Tracing App", "Contact Tracing App\Contact Tracing App.csproj", "{887BBD75-1132-451A-A569-1234B2595D98}"
EndProject
Global
	GlobalSection(SolutionConfigurationPlatforms) = preSolution
		Debug|Any CPU = Debug|Any CPU
		Release|Any CPU = Release|Any CPU
	EndGlobalSection
	GlobalSection(ProjectConfigurationPlatforms) = postSolution
		{887BBD75-1132-451A-A569-1234B2595D98}.Debug|Any CPU.ActiveCfg = Debug|Any CPU
		{887BBD75-1132-451A-A569-1234B2595D98}.Debug|Any CPU.Build.0 = Debug|Any CPU
		{887BBD75-1132-451A-A569-1234B2595D98}.Release|Any CPU.ActiveCfg = Release|Any CPU
		{887BBD75-1132-451A-A569-1234B2595D98}.Release|Any CPU.Build.0 = Release|Any CPU
	EndGlobalSection
	GlobalSection(SolutionProperties) = preSolution
		HideSolutionNode = FALSE
	EndGlobalSection
	GlobalSection(ExtensibilityGlobals) = postSolution
		SolutionGuid = {1F860E38-E526-4D93-A8BE-602C0EDE1C30}
	EndGlobalSection
EndGlobal
